
Microsoft Visual Studio Solution File, Format Version 12.00
# Visual Studio Version 16
VisualStudioVersion = 16.0.31410.357
MinimumVisualStudioVersion = 10.0.40219.1
Project("{2150E333-8FDC-42A3-9474-1A3956D46DE8}") = "src", "src", "{B66E1A8F-658A-49A1-93DA-3A63E92DFB9E}"
EndProject
Project("{2150E333-8FDC-42A3-9474-1A3956D46DE8}") = "tests", "tests", "{5962B635-E216-4B73-BD95-AB8B8789215D}"
EndProject
Project("{FAE04EC0-301F-11D3-BF4B-00C04F79EFBC}") = "HB.UI", "HB.UI\HB.UI.csproj", "{4F0080ED-CA01-4276-AA2A-DFD4B182F8C1}"
EndProject
Global
	GlobalSection(SolutionConfigurationPlatforms) = preSolution
		Debug|Any CPU = Debug|Any CPU
		Release|Any CPU = Release|Any CPU
	EndGlobalSection
	GlobalSection(ProjectConfigurationPlatforms) = postSolution
		{4F0080ED-CA01-4276-AA2A-DFD4B182F8C1}.Debug|Any CPU.ActiveCfg = Debug|Any CPU
		{4F0080ED-CA01-4276-AA2A-DFD4B182F8C1}.Debug|Any CPU.Build.0 = Debug|Any CPU
		{4F0080ED-CA01-4276-AA2A-DFD4B182F8C1}.Release|Any CPU.ActiveCfg = Release|Any CPU
		{4F0080ED-CA01-4276-AA2A-DFD4B182F8C1}.Release|Any CPU.Build.0 = Release|Any CPU
	EndGlobalSection
	GlobalSection(SolutionProperties) = preSolution
		HideSolutionNode = FALSE
	EndGlobalSection
	GlobalSection(NestedProjects) = preSolution
		{4F0080ED-CA01-4276-AA2A-DFD4B182F8C1} = {B66E1A8F-658A-49A1-93DA-3A63E92DFB9E}
	EndGlobalSection
	GlobalSection(ExtensibilityGlobals) = postSolution
		SolutionGuid = {E0CF0F58-D959-4A56-AE07-06CEE4C457F8}
	EndGlobalSection
EndGlobal
