Microsoft Visual Studio Solution File, Format Version 12.00
# Visual Studio Version 18
VisualStudioVersion = 18.3.11512.155 d18.3
MinimumVisualStudioVersion = 10.0.40219.1
Project("{FAE04EC0-301F-11D3-BF4B-00C04F79EFBC}") = "TomoPlan.Web", "TomoPlan.Web.csproj", "{DCB3B3B3-6122-BB89-EB6E-C2BF7DCFE7A4}"
EndProject
Global
	GlobalSection(SolutionConfigurationPlatforms) = preSolution
		Debug|Any CPU = Debug|Any CPU
		Release|Any CPU = Release|Any CPU
	EndGlobalSection
	GlobalSection(ProjectConfigurationPlatforms) = postSolution
		{DCB3B3B3-6122-BB89-EB6E-C2BF7DCFE7A4}.Debug|Any CPU.ActiveCfg = Debug|Any CPU
		{DCB3B3B3-6122-BB89-EB6E-C2BF7DCFE7A4}.Debug|Any CPU.Build.0 = Debug|Any CPU
		{DCB3B3B3-6122-BB89-EB6E-C2BF7DCFE7A4}.Release|Any CPU.ActiveCfg = Release|Any CPU
		{DCB3B3B3-6122-BB89-EB6E-C2BF7DCFE7A4}.Release|Any CPU.Build.0 = Release|Any CPU
	EndGlobalSection
	GlobalSection(SolutionProperties) = preSolution
		HideSolutionNode = FALSE
	EndGlobalSection
	GlobalSection(ExtensibilityGlobals) = postSolution
		SolutionGuid = {903EDD65-D903-4911-B485-49664B6FA927}
	EndGlobalSection
EndGlobal
